
Microsoft Visual Studio Solution File, Format Version 12.00
# Visual Studio Version 16
VisualStudioVersion = 16.0.31321.278
MinimumVisualStudioVersion = 10.0.40219.1
Project("{9A19103F-16F7-4668-BE54-9A1E7A4F7556}") = "ComputerCodeBlue.MyLaps.Example", "ComputerCodeBlue.MyLaps.Example\ComputerCodeBlue.MyLaps.Example.csproj", "{52BA770E-1D04-4D69-B451-B592371C5F0F}"
EndProject
Project("{9A19103F-16F7-4668-BE54-9A1E7A4F7556}") = "ComputerCodeBlue.MyLaps", "ComputerCodeBlue.MyLaps\ComputerCodeBlue.MyLaps.csproj", "{68D7B296-2869-43CC-B2EC-37AE78244120}"
EndProject
Global
	GlobalSection(SolutionConfigurationPlatforms) = preSolution
		Debug|Any CPU = Debug|Any CPU
		Release|Any CPU = Release|Any CPU
	EndGlobalSection
	GlobalSection(ProjectConfigurationPlatforms) = postSolution
		{52BA770E-1D04-4D69-B451-B592371C5F0F}.Debug|Any CPU.ActiveCfg = Debug|Any CPU
		{52BA770E-1D04-4D69-B451-B592371C5F0F}.Debug|Any CPU.Build.0 = Debug|Any CPU
		{52BA770E-1D04-4D69-B451-B592371C5F0F}.Release|Any CPU.ActiveCfg = Release|Any CPU
		{52BA770E-1D04-4D69-B451-B592371C5F0F}.Release|Any CPU.Build.0 = Release|Any CPU
		{68D7B296-2869-43CC-B2EC-37AE78244120}.Debug|Any CPU.ActiveCfg = Debug|Any CPU
		{68D7B296-2869-43CC-B2EC-37AE78244120}.Debug|Any CPU.Build.0 = Debug|Any CPU
		{68D7B296-2869-43CC-B2EC-37AE78244120}.Release|Any CPU.ActiveCfg = Release|Any CPU
		{68D7B296-2869-43CC-B2EC-37AE78244120}.Release|Any CPU.Build.0 = Release|Any CPU
	EndGlobalSection
	GlobalSection(SolutionProperties) = preSolution
		HideSolutionNode = FALSE
	EndGlobalSection
	GlobalSection(ExtensibilityGlobals) = postSolution
		SolutionGuid = {18FCEADC-78E2-468A-935F-5258E4AA22C7}
	EndGlobalSection
EndGlobal
